// !$*UTF8*$!
{
	archiveVersion = 1;
	classes = {
	};
	objectVersion = 55;
	objects = {

/* Begin PBXBuildFile section */
		AE61F97028918CFE00B761D2 /* AppDelegate.swift in Sources */ = {isa = PBXBuildFile; fileRef = AE61F96F28918CFE00B761D2 /* AppDelegate.swift */; };
		AE61F97428918CFE00B761D2 /* ViewController.swift in Sources */ = {isa = PBXBuildFile; fileRef = AE61F97328918CFE00B761D2 /* ViewController.swift */; };
		AE61F97728918CFE00B761D2 /* Main.storyboard in Resources */ = {isa = PBXBuildFile; fileRef = AE61F97528918CFE00B761D2 /* Main.storyboard */; };
		AE61F97928918D0000B761D2 /* Assets.xcassets in Resources */ = {isa = PBXBuildFile; fileRef = AE61F97828918D0000B761D2 /* Assets.xcassets */; };
		AE61F97C28918D0000B761D2 /* LaunchScreen.storyboard in Resources */ = {isa = PBXBuildFile; fileRef = AE61F97A28918D0000B761D2 /* LaunchScreen.storyboard */; };
		AE61F98528918E2D00B761D2 /* SnapKit in Frameworks */ = {isa = PBXBuildFile; productRef = AE61F98428918E2D00B761D2 /* SnapKit */; };
		AE61F9872891993D00B761D2 /* CactusVC.swift in Sources */ = {isa = PBXBuildFile; fileRef = AE61F9862891993C00B761D2 /* CactusVC.swift */; };
		AE61F9892891995700B761D2 /* BamboVC.swift in Sources */ = {isa = PBXBuildFile; fileRef = AE61F9882891995700B761D2 /* BamboVC.swift */; };
		AE61F98C28919A7100B761D2 /* NavController.swift in Sources */ = {isa = PBXBuildFile; fileRef = AE61F98B28919A7100B761D2 /* NavController.swift */; };
/* End PBXBuildFile section */

/* Begin PBXFileReference section */
		AE61F96C28918CFE00B761D2 /* hwCamera.app */ = {isa = PBXFileReference; explicitFileType = wrapper.application; includeInIndex = 0; path = hwCamera.app; sourceTree = BUILT_PRODUCTS_DIR; };
		AE61F96F28918CFE00B761D2 /* AppDelegate.swift */ = {isa = PBXFileReference; lastKnownFileType = sourcecode.swift; path = AppDelegate.swift; sourceTree = "<group>"; };
		AE61F97328918CFE00B761D2 /* ViewController.swift */ = {isa = PBXFileReference; lastKnownFileType = sourcecode.swift; path = ViewController.swift; sourceTree = "<group>"; };
		AE61F97628918CFE00B761D2 /* Base */ = {isa = PBXFileReference; lastKnownFileType = file.storyboard; name = Base; path = Base.lproj/Main.storyboard; sourceTree = "<group>"; };
		AE61F97828918D0000B761D2 /* Assets.xcassets */ = {isa = PBXFileReference; lastKnownFileType = folder.assetcatalog; path = Assets.xcassets; sourceTree = "<group>"; };
		AE61F97B28918D0000B761D2 /* Base */ = {isa = PBXFileReference; lastKnownFileType = file.storyboard; name = Base; path = Base.lproj/LaunchScreen.storyboard; sourceTree = "<group>"; };
		AE61F97D28918D0000B761D2 /* Info.plist */ = {isa = PBXFileReference; lastKnownFileType = text.plist.xml; path = Info.plist; sourceTree = "<group>"; };
		AE61F9862891993C00B761D2 /* CactusVC.swift */ = {isa = PBXFileReference; lastKnownFileType = sourcecode.swift; path = CactusVC.swift; sourceTree = "<group>"; };
		AE61F9882891995700B761D2 /* BamboVC.swift */ = {isa = PBXFileReference; lastKnownFileType = sourcecode.swift; path = BamboVC.swift; sourceTree = "<group>"; };
		AE61F98B28919A7100B761D2 /* NavController.swift */ = {isa = PBXFileReference; lastKnownFileType = sourcecode.swift; path = NavController.swift; sourceTree = "<group>"; };
/* End PBXFileReference section */

/* Begin PBXFrameworksBuildPhase section */
		AE61F96928918CFE00B761D2 /* Frameworks */ = {
			isa = PBXFrameworksBuildPhase;
			buildActionMask = 2147483647;
			files = (
				AE61F98528918E2D00B761D2 /* SnapKit in Frameworks */,
			);
			runOnlyForDeploymentPostprocessing = 0;
		};
/* End PBXFrameworksBuildPhase section */

/* Begin PBXGroup section */
		AE61F96328918CFE00B761D2 = {
			isa = PBXGroup;
			children = (
				AE61F96E28918CFE00B761D2 /* hwCamera */,
				AE61F96D28918CFE00B761D2 /* Products */,
			);
			sourceTree = "<group>";
		};
		AE61F96D28918CFE00B761D2 /* Products */ = {
			isa = PBXGroup;
			children = (
				AE61F96C28918CFE00B761D2 /* hwCamera.app */,
			);
			name = Products;
			sourceTree = "<group>";
		};
		AE61F96E28918CFE00B761D2 /* hwCamera */ = {
			isa = PBXGroup;
			children = (
				AE61F96F28918CFE00B761D2 /* AppDelegate.swift */,
				AE61F97328918CFE00B761D2 /* ViewController.swift */,
				AE61F97528918CFE00B761D2 /* Main.storyboard */,
				AE61F97828918D0000B761D2 /* Assets.xcassets */,
				AE61F97A28918D0000B761D2 /* LaunchScreen.storyboard */,
				AE61F97D28918D0000B761D2 /* Info.plist */,
				AE61F9862891993C00B761D2 /* CactusVC.swift */,
				AE61F98B28919A7100B761D2 /* NavController.swift */,
				AE61F9882891995700B761D2 /* BamboVC.swift */,
			);
			path = hwCamera;
			sourceTree = "<group>";
		};
/* End PBXGroup section */

/* Begin PBXNativeTarget section */
		AE61F96B28918CFE00B761D2 /* hwCamera */ = {
			isa = PBXNativeTarget;
			buildConfigurationList = AE61F98028918D0000B761D2 /* Build configuration list for PBXNativeTarget "hwCamera" */;
			buildPhases = (
				AE61F96828918CFE00B761D2 /* Sources */,
				AE61F96928918CFE00B761D2 /* Frameworks */,
				AE61F96A28918CFE00B761D2 /* Resources */,
			);
			buildRules = (
			);
			dependencies = (
			);
			name = hwCamera;
			packageProductDependencies = (
				AE61F98428918E2D00B761D2 /* SnapKit */,
			);
			productName = hwCamera;
			productReference = AE61F96C28918CFE00B761D2 /* hwCamera.app */;
			productType = "com.apple.product-type.application";
		};
/* End PBXNativeTarget section */

/* Begin PBXProject section */
		AE61F96428918CFE00B761D2 /* Project object */ = {
			isa = PBXProject;
			attributes = {
				BuildIndependentTargetsInParallel = 1;
				LastSwiftUpdateCheck = 1330;
				LastUpgradeCheck = 1330;
				TargetAttributes = {
					AE61F96B28918CFE00B761D2 = {
						CreatedOnToolsVersion = 13.3;
					};
				};
			};
			buildConfigurationList = AE61F96728918CFE00B761D2 /* Build configuration list for PBXProject "hwCamera" */;
			compatibilityVersion = "Xcode 13.0";
			developmentRegion = en;
			hasScannedForEncodings = 0;
			knownRegions = (
				en,
				Base,
			);
			mainGroup = AE61F96328918CFE00B761D2;
			packageReferences = (
				AE61F98328918E2D00B761D2 /* XCRemoteSwiftPackageReference "SnapKit" */,
			);
			productRefGroup = AE61F96D28918CFE00B761D2 /* Products */;
			projectDirPath = "";
			projectRoot = "";
			targets = (
				AE61F96B28918CFE00B761D2 /* hwCamera */,
			);
		};
/* End PBXProject section */

/* Begin PBXResourcesBuildPhase section */
		AE61F96A28918CFE00B761D2 /* Resources */ = {
			isa = PBXResourcesBuildPhase;
			buildActionMask = 2147483647;
			files = (
				AE61F97C28918D0000B761D2 /* LaunchScreen.storyboard in Resources */,
				AE61F97928918D0000B761D2 /* Assets.xcassets in Resources */,
				AE61F97728918CFE00B761D2 /* Main.storyboard in Resources */,
			);
			runOnlyForDeploymentPostprocessing = 0;
		};
/* End PBXResourcesBuildPhase section */

/* Begin PBXSourcesBuildPhase section */
		AE61F96828918CFE00B761D2 /* Sources */ = {
			isa = PBXSourcesBuildPhase;
			buildActionMask = 2147483647;
			files = (
				AE61F98C28919A7100B761D2 /* NavController.swift in Sources */,
				AE61F9892891995700B761D2 /* BamboVC.swift in Sources */,
				AE61F97428918CFE00B761D2 /* ViewController.swift in Sources */,
				AE61F9872891993D00B761D2 /* CactusVC.swift in Sources */,
				AE61F97028918CFE00B761D2 /* AppDelegate.swift in Sources */,
			);
			runOnlyForDeploymentPostprocessing = 0;
		};
/* End PBXSourcesBuildPhase section */

/* Begin PBXVariantGroup section */
		AE61F97528918CFE00B761D2 /* Main.storyboard */ = {
			isa = PBXVariantGroup;
			children = (
				AE61F97628918CFE00B761D2 /* Base */,
			);
			name = Main.storyboard;
			sourceTree = "<group>";
		};
		AE61F97A28918D0000B761D2 /* LaunchScreen.storyboard */ = {
			isa = PBXVariantGroup;
			children = (
				AE61F97B28918D0000B761D2 /* Base */,
			);
			name = LaunchScreen.storyboard;
			sourceTree = "<group>";
		};
/* End PBXVariantGroup section */

/* Begin XCBuildConfiguration section */
		AE61F97E28918D0000B761D2 /* Debug */ = {
			isa = XCBuildConfiguration;
			buildSettings = {
				ALWAYS_SEARCH_USER_PATHS = NO;
				CLANG_ANALYZER_NONNULL = YES;
				CLANG_ANALYZER_NUMBER_OBJECT_CONVERSION = YES_AGGRESSIVE;
				CLANG_CXX_LANGUAGE_STANDARD = "gnu++17";
				CLANG_ENABLE_MODULES = YES;
				CLANG_ENABLE_OBJC_ARC = YES;
				CLANG_ENABLE_OBJC_WEAK = YES;
				CLANG_WARN_BLOCK_CAPTURE_AUTORELEASING = YES;
				CLANG_WARN_BOOL_CONVERSION = YES;
				CLANG_WARN_COMMA = YES;
				CLANG_WARN_CONSTANT_CONVERSION = YES;
				CLANG_WARN_DEPRECATED_OBJC_IMPLEMENTATIONS = YES;
				CLANG_WARN_DIRECT_OBJC_ISA_USAGE = YES_ERROR;
				CLANG_WARN_DOCUMENTATION_COMMENTS = YES;
				CLANG_WARN_EMPTY_BODY = YES;
				CLANG_WARN_ENUM_CONVERSION = YES;
				CLANG_WARN_INFINITE_RECURSION = YES;
				CLANG_WARN_INT_CONVERSION = YES;
				CLANG_WARN_NON_LITERAL_NULL_CONVERSION = YES;
				CLANG_WARN_OBJC_IMPLICIT_RETAIN_SELF = YES;
				CLANG_WARN_OBJC_LITERAL_CONVERSION = YES;
				CLANG_WARN_OBJC_ROOT_CLASS = YES_ERROR;
				CLANG_WARN_QUOTED_INCLUDE_IN_FRAMEWORK_HEADER = YES;
				CLANG_WARN_RANGE_LOOP_ANALYSIS = YES;
				CLANG_WARN_STRICT_PROTOTYPES = YES;
				CLANG_WARN_SUSPICIOUS_MOVE = YES;
				CLANG_WARN_UNGUARDED_AVAILABILITY = YES_AGGRESSIVE;
				CLANG_WARN_UNREACHABLE_CODE = YES;
				CLANG_WARN__DUPLICATE_METHOD_MATCH = YES;
				COPY_PHASE_STRIP = NO;
				DEBUG_INFORMATION_FORMAT = dwarf;
				ENABLE_STRICT_OBJC_MSGSEND = YES;
				ENABLE_TESTABILITY = YES;
				GCC_C_LANGUAGE_STANDARD = gnu11;
				GCC_DYNAMIC_NO_PIC = NO;
				GCC_NO_COMMON_BLOCKS = YES;
				GCC_OPTIMIZATION_LEVEL = 0;
				GCC_PREPROCESSOR_DEFINITIONS = (
					"DEBUG=1",
					"$(inherited)",
				);
				GCC_WARN_64_TO_32_BIT_CONVERSION = YES;
				GCC_WARN_ABOUT_RETURN_TYPE = YES_ERROR;
				GCC_WARN_UNDECLARED_SELECTOR = YES;
				GCC_WARN_UNINITIALIZED_AUTOS = YES_AGGRESSIVE;
				GCC_WARN_UNUSED_FUNCTION = YES;
				GCC_WARN_UNUSED_VARIABLE = YES;
				IPHONEOS_DEPLOYMENT_TARGET = 15.4;
				MTL_ENABLE_DEBUG_INFO = INCLUDE_SOURCE;
				MTL_FAST_MATH = YES;
				ONLY_ACTIVE_ARCH = YES;
				SDKROOT = iphoneos;
				SWIFT_ACTIVE_COMPILATION_CONDITIONS = DEBUG;
				SWIFT_OPTIMIZATION_LEVEL = "-Onone";
			};
			name = Debug;
		};
		AE61F97F28918D0000B761D2 /* Release */ = {
			isa = XCBuildConfiguration;
			buildSettings = {
				ALWAYS_SEARCH_USER_PATHS = NO;
				CLANG_ANALYZER_NONNULL = YES;
				CLANG_ANALYZER_NUMBER_OBJECT_CONVERSION = YES_AGGRESSIVE;
				CLANG_CXX_LANGUAGE_STANDARD = "gnu++17";
				CLANG_ENABLE_MODULES = YES;
				CLANG_ENABLE_OBJC_ARC = YES;
				CLANG_ENABLE_OBJC_WEAK = YES;
				CLANG_WARN_BLOCK_CAPTURE_AUTORELEASING = YES;
				CLANG_WARN_BOOL_CONVERSION = YES;
				CLANG_WARN_COMMA = YES;
				CLANG_WARN_CONSTANT_CONVERSION = YES;
				CLANG_WARN_DEPRECATED_OBJC_IMPLEMENTATIONS = YES;
				CLANG_WARN_DIRECT_OBJC_ISA_USAGE = YES_ERROR;
				CLANG_WARN_DOCUMENTATION_COMMENTS = YES;
				CLANG_WARN_EMPTY_BODY = YES;
				CLANG_WARN_ENUM_CONVERSION = YES;
				CLANG_WARN_INFINITE_RECURSION = YES;
				CLANG_WARN_INT_CONVERSION = YES;
				CLANG_WARN_NON_LITERAL_NULL_CONVERSION = YES;
				CLANG_WARN_OBJC_IMPLICIT_RETAIN_SELF = YES;
				CLANG_WARN_OBJC_LITERAL_CONVERSION = YES;
				CLANG_WARN_OBJC_ROOT_CLASS = YES_ERROR;
				CLANG_WARN_QUOTED_INCLUDE_IN_FRAMEWORK_HEADER = YES;
				CLANG_WARN_RANGE_LOOP_ANALYSIS = YES;
				CLANG_WARN_STRICT_PROTOTYPES = YES;
				CLANG_WARN_SUSPICIOUS_MOVE = YES;
				CLANG_WARN_UNGUARDED_AVAILABILITY = YES_AGGRESSIVE;
				CLANG_WARN_UNREACHABLE_CODE = YES;
				CLANG_WARN__DUPLICATE_METHOD_MATCH = YES;
				COPY_PHASE_STRIP = NO;
				DEBUG_INFORMATION_FORMAT = "dwarf-with-dsym";
				ENABLE_NS_ASSERTIONS = NO;
				ENABLE_STRICT_OBJC_MSGSEND = YES;
				GCC_C_LANGUAGE_STANDARD = gnu11;
				GCC_NO_COMMON_BLOCKS = YES;
				GCC_WARN_64_TO_32_BIT_CONVERSION = YES;
				GCC_WARN_ABOUT_RETURN_TYPE = YES_ERROR;
				GCC_WARN_UNDECLARED_SELECTOR = YES;
				GCC_WARN_UNINITIALIZED_AUTOS = YES_AGGRESSIVE;
				GCC_WARN_UNUSED_FUNCTION = YES;
				GCC_WARN_UNUSED_VARIABLE = YES;
				IPHONEOS_DEPLOYMENT_TARGET = 15.4;
				MTL_ENABLE_DEBUG_INFO = NO;
				MTL_FAST_MATH = YES;
				SDKROOT = iphoneos;
				SWIFT_COMPILATION_MODE = wholemodule;
				SWIFT_OPTIMIZATION_LEVEL = "-O";
				VALIDATE_PRODUCT = YES;
			};
			name = Release;
		};
		AE61F98128918D0000B761D2 /* Debug */ = {
			isa = XCBuildConfiguration;
			buildSettings = {
				ASSETCATALOG_COMPILER_APPICON_NAME = AppIcon;
				ASSETCATALOG_COMPILER_GLOBAL_ACCENT_COLOR_NAME = AccentColor;
				CODE_SIGN_STYLE = Automatic;
				CURRENT_PROJECT_VERSION = 1;
				GENERATE_INFOPLIST_FILE = YES;
				INFOPLIST_FILE = hwCamera/Info.plist;
				INFOPLIST_KEY_UIApplicationSupportsIndirectInputEvents = YES;
				INFOPLIST_KEY_UILaunchStoryboardName = LaunchScreen;
				INFOPLIST_KEY_UIMainStoryboardFile = Main;
				INFOPLIST_KEY_UISupportedInterfaceOrientations_iPad = "UIInterfaceOrientationPortrait UIInterfaceOrientationPortraitUpsideDown UIInterfaceOrientationLandscapeLeft UIInterfaceOrientationLandscapeRight";
				INFOPLIST_KEY_UISupportedInterfaceOrientations_iPhone = "UIInterfaceOrientationPortrait UIInterfaceOrientationLandscapeLeft UIInterfaceOrientationLandscapeRight";
				LD_RUNPATH_SEARCH_PATHS = (
					"$(inherited)",
					"@executable_path/Frameworks",
				);
				MARKETING_VERSION = 1.0;
				PRODUCT_BUNDLE_IDENTIFIER = "iatc-lessons.hwCamera";
				PRODUCT_NAME = "$(TARGET_NAME)";
				SWIFT_EMIT_LOC_STRINGS = YES;
				SWIFT_VERSION = 5.0;
				TARGETED_DEVICE_FAMILY = "1,2";
			};
			name = Debug;
		};
		AE61F98228918D0000B761D2 /* Release */ = {
			isa = XCBuildConfiguration;
			buildSettings = {
				ASSETCATALOG_COMPILER_APPICON_NAME = AppIcon;
				ASSETCATALOG_COMPILER_GLOBAL_ACCENT_COLOR_NAME = AccentColor;
				CODE_SIGN_STYLE = Automatic;
				CURRENT_PROJECT_VERSION = 1;
				GENERATE_INFOPLIST_FILE = YES;
				INFOPLIST_FILE = hwCamera/Info.plist;
				INFOPLIST_KEY_UIApplicationSupportsIndirectInputEvents = YES;
				INFOPLIST_KEY_UILaunchStoryboardName = LaunchScreen;
				INFOPLIST_KEY_UIMainStoryboardFile = Main;
				INFOPLIST_KEY_UISupportedInterfaceOrientations_iPad = "UIInterfaceOrientationPortrait UIInterfaceOrientationPortraitUpsideDown UIInterfaceOrientationLandscapeLeft UIInterfaceOrientationLandscapeRight";
				INFOPLIST_KEY_UISupportedInterfaceOrientations_iPhone = "UIInterfaceOrientationPortrait UIInterfaceOrientationLandscapeLeft UIInterfaceOrientationLandscapeRight";
				LD_RUNPATH_SEARCH_PATHS = (
					"$(inherited)",
					"@executable_path/Frameworks",
				);
				MARKETING_VERSION = 1.0;
				PRODUCT_BUNDLE_IDENTIFIER = "iatc-lessons.hwCamera";
				PRODUCT_NAME = "$(TARGET_NAME)";
				SWIFT_EMIT_LOC_STRINGS = YES;
				SWIFT_VERSION = 5.0;
				TARGETED_DEVICE_FAMILY = "1,2";
			};
			name = Release;
		};
/* End XCBuildConfiguration section */

/* Begin XCConfigurationList section */
		AE61F96728918CFE00B761D2 /* Build configuration list for PBXProject "hwCamera" */ = {
			isa = XCConfigurationList;
			buildConfigurations = (
				AE61F97E28918D0000B761D2 /* Debug */,
				AE61F97F28918D0000B761D2 /* Release */,
			);
			defaultConfigurationIsVisible = 0;
			defaultConfigurationName = Release;
		};
		AE61F98028918D0000B761D2 /* Build configuration list for PBXNativeTarget "hwCamera" */ = {
			isa = XCConfigurationList;
			buildConfigurations = (
				AE61F98128918D0000B761D2 /* Debug */,
				AE61F98228918D0000B761D2 /* Release */,
			);
			defaultConfigurationIsVisible = 0;
			defaultConfigurationName = Release;
		};
/* End XCConfigurationList section */

/* Begin XCRemoteSwiftPackageReference section */
		AE61F98328918E2D00B761D2 /* XCRemoteSwiftPackageReference "SnapKit" */ = {
			isa = XCRemoteSwiftPackageReference;
			repositoryURL = "https://github.com/SnapKit/SnapKit.git";
			requirement = {
				branch = develop;
				kind = branch;
			};
		};
/* End XCRemoteSwiftPackageReference section */

/* Begin XCSwiftPackageProductDependency section */
		AE61F98428918E2D00B761D2 /* SnapKit */ = {
			isa = XCSwiftPackageProductDependency;
			package = AE61F98328918E2D00B761D2 /* XCRemoteSwiftPackageReference "SnapKit" */;
			productName = SnapKit;
		};
/* End XCSwiftPackageProductDependency section */
	};
	rootObject = AE61F96428918CFE00B761D2 /* Project object */;
}
